
Microsoft Visual Studio Solution File, Format Version 12.00
Project("{FAE04EC0-301F-11D3-BF4B-00C04F79EFBC}") = "EntryPoint", "EntryPoint\EntryPoint.csproj", "{B6848D71-4ED4-47EF-B3C9-6F9C586798A6}"
EndProject
Project("{FAE04EC0-301F-11D3-BF4B-00C04F79EFBC}") = "MySourceGenerator", "MySourceGenerator\MySourceGenerator.csproj", "{40B97153-43C1-42AE-AB01-2C371178C789}"
EndProject
Global
	GlobalSection(SolutionConfigurationPlatforms) = preSolution
		Debug|Any CPU = Debug|Any CPU
		Release|Any CPU = Release|Any CPU
	EndGlobalSection
	GlobalSection(ProjectConfigurationPlatforms) = postSolution
		{B6848D71-4ED4-47EF-B3C9-6F9C586798A6}.Debug|Any CPU.ActiveCfg = Debug|Any CPU
		{B6848D71-4ED4-47EF-B3C9-6F9C586798A6}.Debug|Any CPU.Build.0 = Debug|Any CPU
		{B6848D71-4ED4-47EF-B3C9-6F9C586798A6}.Release|Any CPU.ActiveCfg = Release|Any CPU
		{B6848D71-4ED4-47EF-B3C9-6F9C586798A6}.Release|Any CPU.Build.0 = Release|Any CPU
		{40B97153-43C1-42AE-AB01-2C371178C789}.Debug|Any CPU.ActiveCfg = Debug|Any CPU
		{40B97153-43C1-42AE-AB01-2C371178C789}.Debug|Any CPU.Build.0 = Debug|Any CPU
		{40B97153-43C1-42AE-AB01-2C371178C789}.Release|Any CPU.ActiveCfg = Release|Any CPU
		{40B97153-43C1-42AE-AB01-2C371178C789}.Release|Any CPU.Build.0 = Release|Any CPU
	EndGlobalSection
EndGlobal
